{
  "nodes": {
    "nixpkgs": {
      "locked": {
        "lastModified": 1781744319,
        "narHash": "sha256-w5QIVyDj3u/185Cp0KFIh3R1NI0BswzbjPSZavPBhuY=",
        "owner": "NixOS",
        "repo": "nixpkgs",
        "rev": "ab20ff9b2ff209f242a59ed4e9d382d2cc793a96",
        "type": "github"
      },
      "original": {
        "owner": "NixOS",
        "ref": "haskell-updates",
        "repo": "nixpkgs",
        "type": "github"
      }
    },
    "root": {
      "inputs": {
        "nixpkgs": "nixpkgs"
      }
    }
  },
  "root": "root",
  "version": 7
}
